PODS:
  - LBTATools (1.0.12)
  - SwiftyJSON (5.0.1)

DEPENDENCIES:
  - LBTATools
  - SwiftyJSON

SPEC REPOS:
  trunk:
    - LBTATools
    - SwiftyJSON

SPEC CHECKSUMS:
  LBTATools: 389a901a01b9a56bea5682c40cd6e23530f40015
  SwiftyJSON: 2f33a42c6fbc52764d96f13368585094bfd8aa5e

PODFILE CHECKSUM: 8f939a1429607eaa0565b2b439fa027e996aa1de

COCOAPODS: 1.10.1
