// !$*UTF8*$!
{
	archiveVersion = 1;
	classes = {
	};
	objectVersion = 51;
	objects = {

/* Begin PBXBuildFile section */
		06EDBEC0468938978AC26456 /* Pods_FeedApp.framework in Frameworks */ = {isa = PBXBuildFile; fileRef = 9F3350B6CE4AB6F5F7E8F871 /* Pods_FeedApp.framework */; };
		524B18FE264BBAB5005794D5 /* AppDelegate.swift in Sources */ = {isa = PBXBuildFile; fileRef = 524B18FD264BBAB5005794D5 /* AppDelegate.swift */; };
		524B1900264BBAB5005794D5 /* SceneDelegate.swift in Sources */ = {isa = PBXBuildFile; fileRef = 524B18FF264BBAB5005794D5 /* SceneDelegate.swift */; };
		524B1902264BBAB5005794D5 /* ViewController.swift in Sources */ = {isa = PBXBuildFile; fileRef = 524B1901264BBAB5005794D5 /* ViewController.swift */; };
		524B1905264BBAB5005794D5 /* Main.storyboard in Resources */ = {isa = PBXBuildFile; fileRef = 524B1903264BBAB5005794D5 /* Main.storyboard */; };
		524B1907264BBAB6005794D5 /* Assets.xcassets in Resources */ = {isa = PBXBuildFile; fileRef = 524B1906264BBAB6005794D5 /* Assets.xcassets */; };
		524B190A264BBAB6005794D5 /* LaunchScreen.storyboard in Resources */ = {isa = PBXBuildFile; fileRef = 524B1908264BBAB6005794D5 /* LaunchScreen.storyboard */; };
		524B1915264BBAB7005794D5 /* FeedAppTests.swift in Sources */ = {isa = PBXBuildFile; fileRef = 524B1914264BBAB7005794D5 /* FeedAppTests.swift */; };
		524B1920264BBAB7005794D5 /* FeedAppUITests.swift in Sources */ = {isa = PBXBuildFile; fileRef = 524B191F264BBAB7005794D5 /* FeedAppUITests.swift */; };
		524B193E264BBEB8005794D5 /* FeedListCollectionViewController.swift in Sources */ = {isa = PBXBuildFile; fileRef = 524B193D264BBEB8005794D5 /* FeedListCollectionViewController.swift */; };
		A877A9DA03EE4A88EC092CD7 /* Pods_FeedApp_FeedAppUITests.framework in Frameworks */ = {isa = PBXBuildFile; fileRef = 37C2149D384E517FCD59A9B9 /* Pods_FeedApp_FeedAppUITests.framework */; };
		AF066A9E5505D77E267476EC /* Pods_FeedAppTests.framework in Frameworks */ = {isa = PBXBuildFile; fileRef = 13A221C52D9BCBE313109961 /* Pods_FeedAppTests.framework */; };
/* End PBXBuildFile section */

/* Begin PBXContainerItemProxy section */
		524B1911264BBAB7005794D5 /* PBXContainerItemProxy */ = {
			isa = PBXContainerItemProxy;
			containerPortal = 524B18F2264BBAB5005794D5 /* Project object */;
			proxyType = 1;
			remoteGlobalIDString = 524B18F9264BBAB5005794D5;
			remoteInfo = FeedApp;
		};
		524B191C264BBAB7005794D5 /* PBXContainerItemProxy */ = {
			isa = PBXContainerItemProxy;
			containerPortal = 524B18F2264BBAB5005794D5 /* Project object */;
			proxyType = 1;
			remoteGlobalIDString = 524B18F9264BBAB5005794D5;
			remoteInfo = FeedApp;
		};
/* End PBXContainerItemProxy section */

/* Begin PBXFileReference section */
		13A221C52D9BCBE313109961 /* Pods_FeedAppTests.framework */ = {isa = PBXFileReference; explicitFileType = wrapper.framework; includeInIndex = 0; path = Pods_FeedAppTests.framework; sourceTree = BUILT_PRODUCTS_DIR; };
		37C2149D384E517FCD59A9B9 /* Pods_FeedApp_FeedAppUITests.framework */ = {isa = PBXFileReference; explicitFileType = wrapper.framework; includeInIndex = 0; path = Pods_FeedApp_FeedAppUITests.framework; sourceTree = BUILT_PRODUCTS_DIR; };
		47D382ED84FD06144447D88C /* Pods-FeedApp-FeedAppUITests.debug.xcconfig */ = {isa = PBXFileReference; includeInIndex = 1; lastKnownFileType = text.xcconfig; name = "Pods-FeedApp-FeedAppUITests.debug.xcconfig"; path = "Target Support Files/Pods-FeedApp-FeedAppUITests/Pods-FeedApp-FeedAppUITests.debug.xcconfig"; sourceTree = "<group>"; };
		4A79A147AB9F74E51EB70989 /* Pods-FeedAppTests.release.xcconfig */ = {isa = PBXFileReference; includeInIndex = 1; lastKnownFileType = text.xcconfig; name = "Pods-FeedAppTests.release.xcconfig"; path = "Target Support Files/Pods-FeedAppTests/Pods-FeedAppTests.release.xcconfig"; sourceTree = "<group>"; };
		524B18FA264BBAB5005794D5 /* FeedApp.app */ = {isa = PBXFileReference; explicitFileType = wrapper.application; includeInIndex = 0; path = FeedApp.app; sourceTree = BUILT_PRODUCTS_DIR; };
		524B18FD264BBAB5005794D5 /* AppDelegate.swift */ = {isa = PBXFileReference; lastKnownFileType = sourcecode.swift; path = AppDelegate.swift; sourceTree = "<group>"; };
		524B18FF264BBAB5005794D5 /* SceneDelegate.swift */ = {isa = PBXFileReference; lastKnownFileType = sourcecode.swift; path = SceneDelegate.swift; sourceTree = "<group>"; };
		524B1901264BBAB5005794D5 /* ViewController.swift */ = {isa = PBXFileReference; lastKnownFileType = sourcecode.swift; path = ViewController.swift; sourceTree = "<group>"; };
		524B1904264BBAB5005794D5 /* Base */ = {isa = PBXFileReference; lastKnownFileType = file.storyboard; name = Base; path = Base.lproj/Main.storyboard; sourceTree = "<group>"; };
		524B1906264BBAB6005794D5 /* Assets.xcassets */ = {isa = PBXFileReference; lastKnownFileType = folder.assetcatalog; path = Assets.xcassets; sourceTree = "<group>"; };
		524B1909264BBAB6005794D5 /* Base */ = {isa = PBXFileReference; lastKnownFileType = file.storyboard; name = Base; path = Base.lproj/LaunchScreen.storyboard; sourceTree = "<group>"; };
		524B190B264BBAB6005794D5 /* Info.plist */ = {isa = PBXFileReference; lastKnownFileType = text.plist.xml; path = Info.plist; sourceTree = "<group>"; };
		524B1910264BBAB7005794D5 /* FeedAppTests.xctest */ = {isa = PBXFileReference; explicitFileType = wrapper.cfbundle; includeInIndex = 0; path = FeedAppTests.xctest; sourceTree = BUILT_PRODUCTS_DIR; };
		524B1914264BBAB7005794D5 /* FeedAppTests.swift */ = {isa = PBXFileReference; lastKnownFileType = sourcecode.swift; path = FeedAppTests.swift; sourceTree = "<group>"; };
		524B1916264BBAB7005794D5 /* Info.plist */ = {isa = PBXFileReference; lastKnownFileType = text.plist.xml; path = Info.plist; sourceTree = "<group>"; };
		524B191B264BBAB7005794D5 /* FeedAppUITests.xctest */ = {isa = PBXFileReference; explicitFileType = wrapper.cfbundle; includeInIndex = 0; path = FeedAppUITests.xctest; sourceTree = BUILT_PRODUCTS_DIR; };
		524B191F264BBAB7005794D5 /* FeedAppUITests.swift */ = {isa = PBXFileReference; lastKnownFileType = sourcecode.swift; path = FeedAppUITests.swift; sourceTree = "<group>"; };
		524B1921264BBAB7005794D5 /* Info.plist */ = {isa = PBXFileReference; lastKnownFileType = text.plist.xml; path = Info.plist; sourceTree = "<group>"; };
		524B193D264BBEB8005794D5 /* FeedListCollectionViewController.swift */ = {isa = PBXFileReference; lastKnownFileType = sourcecode.swift; path = FeedListCollectionViewController.swift; sourceTree = "<group>"; };
		8289642D5E42A22C48A08555 /* Pods-FeedApp-FeedAppUITests.release.xcconfig */ = {isa = PBXFileReference; includeInIndex = 1; lastKnownFileType = text.xcconfig; name = "Pods-FeedApp-FeedAppUITests.release.xcconfig"; path = "Target Support Files/Pods-FeedApp-FeedAppUITests/Pods-FeedApp-FeedAppUITests.release.xcconfig"; sourceTree = "<group>"; };
		9F3350B6CE4AB6F5F7E8F871 /* Pods_FeedApp.framework */ = {isa = PBXFileReference; explicitFileType = wrapper.framework; includeInIndex = 0; path = Pods_FeedApp.framework; sourceTree = BUILT_PRODUCTS_DIR; };
		9F7411E60AB373275AF98F99 /* Pods-FeedAppTests.debug.xcconfig */ = {isa = PBXFileReference; includeInIndex = 1; lastKnownFileType = text.xcconfig; name = "Pods-FeedAppTests.debug.xcconfig"; path = "Target Support Files/Pods-FeedAppTests/Pods-FeedAppTests.debug.xcconfig"; sourceTree = "<group>"; };
		B3998259078FFDA38D4C717B /* Pods-FeedApp.release.xcconfig */ = {isa = PBXFileReference; includeInIndex = 1; lastKnownFileType = text.xcconfig; name = "Pods-FeedApp.release.xcconfig"; path = "Target Support Files/Pods-FeedApp/Pods-FeedApp.release.xcconfig"; sourceTree = "<group>"; };
		D254616561508ADDEDC08F8F /* Pods-FeedApp.debug.xcconfig */ = {isa = PBXFileReference; includeInIndex = 1; lastKnownFileType = text.xcconfig; name = "Pods-FeedApp.debug.xcconfig"; path = "Target Support Files/Pods-FeedApp/Pods-FeedApp.debug.xcconfig"; sourceTree = "<group>"; };
/* End PBXFileReference section */

/* Begin PBXFrameworksBuildPhase section */
		524B18F7264BBAB5005794D5 /* Frameworks */ = {
			isa = PBXFrameworksBuildPhase;
			buildActionMask = 2147483647;
			files = (
				06EDBEC0468938978AC26456 /* Pods_FeedApp.framework in Frameworks */,
			);
			runOnlyForDeploymentPostprocessing = 0;
		};
		524B190D264BBAB7005794D5 /* Frameworks */ = {
			isa = PBXFrameworksBuildPhase;
			buildActionMask = 2147483647;
			files = (
				AF066A9E5505D77E267476EC /* Pods_FeedAppTests.framework in Frameworks */,
			);
			runOnlyForDeploymentPostprocessing = 0;
		};
		524B1918264BBAB7005794D5 /* Frameworks */ = {
			isa = PBXFrameworksBuildPhase;
			buildActionMask = 2147483647;
			files = (
				A877A9DA03EE4A88EC092CD7 /* Pods_FeedApp_FeedAppUITests.framework in Frameworks */,
			);
			runOnlyForDeploymentPostprocessing = 0;
		};
/* End PBXFrameworksBuildPhase section */

/* Begin PBXGroup section */
		169BAC78320653FBFAC81A4D /* Frameworks */ = {
			isa = PBXGroup;
			children = (
				9F3350B6CE4AB6F5F7E8F871 /* Pods_FeedApp.framework */,
				37C2149D384E517FCD59A9B9 /* Pods_FeedApp_FeedAppUITests.framework */,
				13A221C52D9BCBE313109961 /* Pods_FeedAppTests.framework */,
			);
			name = Frameworks;
			sourceTree = "<group>";
		};
		443C1376BF2B672F2760BBCD /* Pods */ = {
			isa = PBXGroup;
			children = (
				D254616561508ADDEDC08F8F /* Pods-FeedApp.debug.xcconfig */,
				B3998259078FFDA38D4C717B /* Pods-FeedApp.release.xcconfig */,
				47D382ED84FD06144447D88C /* Pods-FeedApp-FeedAppUITests.debug.xcconfig */,
				8289642D5E42A22C48A08555 /* Pods-FeedApp-FeedAppUITests.release.xcconfig */,
				9F7411E60AB373275AF98F99 /* Pods-FeedAppTests.debug.xcconfig */,
				4A79A147AB9F74E51EB70989 /* Pods-FeedAppTests.release.xcconfig */,
			);
			path = Pods;
			sourceTree = "<group>";
		};
		524B18F1264BBAB5005794D5 = {
			isa = PBXGroup;
			children = (
				524B18FC264BBAB5005794D5 /* FeedApp */,
				524B1913264BBAB7005794D5 /* FeedAppTests */,
				524B191E264BBAB7005794D5 /* FeedAppUITests */,
				524B18FB264BBAB5005794D5 /* Products */,
				443C1376BF2B672F2760BBCD /* Pods */,
				169BAC78320653FBFAC81A4D /* Frameworks */,
			);
			sourceTree = "<group>";
		};
		524B18FB264BBAB5005794D5 /* Products */ = {
			isa = PBXGroup;
			children = (
				524B18FA264BBAB5005794D5 /* FeedApp.app */,
				524B1910264BBAB7005794D5 /* FeedAppTests.xctest */,
				524B191B264BBAB7005794D5 /* FeedAppUITests.xctest */,
			);
			name = Products;
			sourceTree = "<group>";
		};
		524B18FC264BBAB5005794D5 /* FeedApp */ = {
			isa = PBXGroup;
			children = (
				524B193C264BBE4B005794D5 /* Controllers */,
				524B193B264BBE46005794D5 /* Views */,
				524B1937264BBE36005794D5 /* Models */,
				524B18FD264BBAB5005794D5 /* AppDelegate.swift */,
				524B18FF264BBAB5005794D5 /* SceneDelegate.swift */,
				524B1901264BBAB5005794D5 /* ViewController.swift */,
				524B1903264BBAB5005794D5 /* Main.storyboard */,
				524B1906264BBAB6005794D5 /* Assets.xcassets */,
				524B1908264BBAB6005794D5 /* LaunchScreen.storyboard */,
				524B190B264BBAB6005794D5 /* Info.plist */,
			);
			path = FeedApp;
			sourceTree = "<group>";
		};
		524B1913264BBAB7005794D5 /* FeedAppTests */ = {
			isa = PBXGroup;
			children = (
				524B1914264BBAB7005794D5 /* FeedAppTests.swift */,
				524B1916264BBAB7005794D5 /* Info.plist */,
			);
			path = FeedAppTests;
			sourceTree = "<group>";
		};
		524B191E264BBAB7005794D5 /* FeedAppUITests */ = {
			isa = PBXGroup;
			children = (
				524B191F264BBAB7005794D5 /* FeedAppUITests.swift */,
				524B1921264BBAB7005794D5 /* Info.plist */,
			);
			path = FeedAppUITests;
			sourceTree = "<group>";
		};
		524B1937264BBE36005794D5 /* Models */ = {
			isa = PBXGroup;
			children = (
			);
			path = Models;
			sourceTree = "<group>";
		};
		524B193B264BBE46005794D5 /* Views */ = {
			isa = PBXGroup;
			children = (
			);
			path = Views;
			sourceTree = "<group>";
		};
		524B193C264BBE4B005794D5 /* Controllers */ = {
			isa = PBXGroup;
			children = (
				524B193D264BBEB8005794D5 /* FeedListCollectionViewController.swift */,
			);
			path = Controllers;
			sourceTree = "<group>";
		};
/* End PBXGroup section */

/* Begin PBXNativeTarget section */
		524B18F9264BBAB5005794D5 /* FeedApp */ = {
			isa = PBXNativeTarget;
			buildConfigurationList = 524B1924264BBAB7005794D5 /* Build configuration list for PBXNativeTarget "FeedApp" */;
			buildPhases = (
				4BE90C720B6FD8B37E3CEC07 /* [CP] Check Pods Manifest.lock */,
				524B18F6264BBAB5005794D5 /* Sources */,
				524B18F7264BBAB5005794D5 /* Frameworks */,
				524B18F8264BBAB5005794D5 /* Resources */,
				276942EC66C1A5A5707B5D41 /* [CP] Embed Pods Frameworks */,
			);
			buildRules = (
			);
			dependencies = (
			);
			name = FeedApp;
			productName = FeedApp;
			productReference = 524B18FA264BBAB5005794D5 /* FeedApp.app */;
			productType = "com.apple.product-type.application";
		};
		524B190F264BBAB7005794D5 /* FeedAppTests */ = {
			isa = PBXNativeTarget;
			buildConfigurationList = 524B1927264BBAB7005794D5 /* Build configuration list for PBXNativeTarget "FeedAppTests" */;
			buildPhases = (
				B04D6ED7942115D6254BDFD8 /* [CP] Check Pods Manifest.lock */,
				524B190C264BBAB7005794D5 /* Sources */,
				524B190D264BBAB7005794D5 /* Frameworks */,
				524B190E264BBAB7005794D5 /* Resources */,
			);
			buildRules = (
			);
			dependencies = (
				524B1912264BBAB7005794D5 /* PBXTargetDependency */,
			);
			name = FeedAppTests;
			productName = FeedAppTests;
			productReference = 524B1910264BBAB7005794D5 /* FeedAppTests.xctest */;
			productType = "com.apple.product-type.bundle.unit-test";
		};
		524B191A264BBAB7005794D5 /* FeedAppUITests */ = {
			isa = PBXNativeTarget;
			buildConfigurationList = 524B192A264BBAB7005794D5 /* Build configuration list for PBXNativeTarget "FeedAppUITests" */;
			buildPhases = (
				9461D38A7A4DD1A208686F83 /* [CP] Check Pods Manifest.lock */,
				524B1917264BBAB7005794D5 /* Sources */,
				524B1918264BBAB7005794D5 /* Frameworks */,
				524B1919264BBAB7005794D5 /* Resources */,
				788CF2C2977946EE4C5AF47A /* [CP] Embed Pods Frameworks */,
			);
			buildRules = (
			);
			dependencies = (
				524B191D264BBAB7005794D5 /* PBXTargetDependency */,
			);
			name = FeedAppUITests;
			productName = FeedAppUITests;
			productReference = 524B191B264BBAB7005794D5 /* FeedAppUITests.xctest */;
			productType = "com.apple.product-type.bundle.ui-testing";
		};
/* End PBXNativeTarget section */

/* Begin PBXProject section */
		524B18F2264BBAB5005794D5 /* Project object */ = {
			isa = PBXProject;
			attributes = {
				LastSwiftUpdateCheck = 1240;
				LastUpgradeCheck = 1240;
				TargetAttributes = {
					524B18F9264BBAB5005794D5 = {
						CreatedOnToolsVersion = 12.4;
					};
					524B190F264BBAB7005794D5 = {
						CreatedOnToolsVersion = 12.4;
						TestTargetID = 524B18F9264BBAB5005794D5;
					};
					524B191A264BBAB7005794D5 = {
						CreatedOnToolsVersion = 12.4;
						TestTargetID = 524B18F9264BBAB5005794D5;
					};
				};
			};
			buildConfigurationList = 524B18F5264BBAB5005794D5 /* Build configuration list for PBXProject "FeedApp" */;
			compatibilityVersion = "Xcode 9.3";
			developmentRegion = en;
			hasScannedForEncodings = 0;
			knownRegions = (
				en,
				Base,
			);
			mainGroup = 524B18F1264BBAB5005794D5;
			productRefGroup = 524B18FB264BBAB5005794D5 /* Products */;
			projectDirPath = "";
			projectRoot = "";
			targets = (
				524B18F9264BBAB5005794D5 /* FeedApp */,
				524B190F264BBAB7005794D5 /* FeedAppTests */,
				524B191A264BBAB7005794D5 /* FeedAppUITests */,
			);
		};
/* End PBXProject section */

/* Begin PBXResourcesBuildPhase section */
		524B18F8264BBAB5005794D5 /* Resources */ = {
			isa = PBXResourcesBuildPhase;
			buildActionMask = 2147483647;
			files = (
				524B190A264BBAB6005794D5 /* LaunchScreen.storyboard in Resources */,
				524B1907264BBAB6005794D5 /* Assets.xcassets in Resources */,
				524B1905264BBAB5005794D5 /* Main.storyboard in Resources */,
			);
			runOnlyForDeploymentPostprocessing = 0;
		};
		524B190E264BBAB7005794D5 /* Resources */ = {
			isa = PBXResourcesBuildPhase;
			buildActionMask = 2147483647;
			files = (
			);
			runOnlyForDeploymentPostprocessing = 0;
		};
		524B1919264BBAB7005794D5 /* Resources */ = {
			isa = PBXResourcesBuildPhase;
			buildActionMask = 2147483647;
			files = (
			);
			runOnlyForDeploymentPostprocessing = 0;
		};
/* End PBXResourcesBuildPhase section */

/* Begin PBXShellScriptBuildPhase section */
		276942EC66C1A5A5707B5D41 /* [CP] Embed Pods Frameworks */ = {
			isa = PBXShellScriptBuildPhase;
			buildActionMask = 2147483647;
			files = (
			);
			inputFileListPaths = (
				"${PODS_ROOT}/Target Support Files/Pods-FeedApp/Pods-FeedApp-frameworks-${CONFIGURATION}-input-files.xcfilelist",
			);
			name = "[CP] Embed Pods Frameworks";
			outputFileListPaths = (
				"${PODS_ROOT}/Target Support Files/Pods-FeedApp/Pods-FeedApp-frameworks-${CONFIGURATION}-output-files.xcfilelist",
			);
			runOnlyForDeploymentPostprocessing = 0;
			shellPath = /bin/sh;
			shellScript = "\"${PODS_ROOT}/Target Support Files/Pods-FeedApp/Pods-FeedApp-frameworks.sh\"\n";
			showEnvVarsInLog = 0;
		};
		4BE90C720B6FD8B37E3CEC07 /* [CP] Check Pods Manifest.lock */ = {
			isa = PBXShellScriptBuildPhase;
			buildActionMask = 2147483647;
			files = (
			);
			inputFileListPaths = (
			);
			inputPaths = (
				"${PODS_PODFILE_DIR_PATH}/Podfile.lock",
				"${PODS_ROOT}/Manifest.lock",
			);
			name = "[CP] Check Pods Manifest.lock";
			outputFileListPaths = (
			);
			outputPaths = (
				"$(DERIVED_FILE_DIR)/Pods-FeedApp-checkManifestLockResult.txt",
			);
			runOnlyForDeploymentPostprocessing = 0;
			shellPath = /bin/sh;
			shellScript = "diff \"${PODS_PODFILE_DIR_PATH}/Podfile.lock\" \"${PODS_ROOT}/Manifest.lock\" > /dev/null\nif [ $? != 0 ] ; then\n    # print error to STDERR\n    echo \"error: The sandbox is not in sync with the Podfile.lock. Run 'pod install' or update your CocoaPods installation.\" >&2\n    exit 1\nfi\n# This output is used by Xcode 'outputs' to avoid re-running this script phase.\necho \"SUCCESS\" > \"${SCRIPT_OUTPUT_FILE_0}\"\n";
			showEnvVarsInLog = 0;
		};
		788CF2C2977946EE4C5AF47A /* [CP] Embed Pods Frameworks */ = {
			isa = PBXShellScriptBuildPhase;
			buildActionMask = 2147483647;
			files = (
			);
			inputFileListPaths = (
				"${PODS_ROOT}/Target Support Files/Pods-FeedApp-FeedAppUITests/Pods-FeedApp-FeedAppUITests-frameworks-${CONFIGURATION}-input-files.xcfilelist",
			);
			name = "[CP] Embed Pods Frameworks";
			outputFileListPaths = (
				"${PODS_ROOT}/Target Support Files/Pods-FeedApp-FeedAppUITests/Pods-FeedApp-FeedAppUITests-frameworks-${CONFIGURATION}-output-files.xcfilelist",
			);
			runOnlyForDeploymentPostprocessing = 0;
			shellPath = /bin/sh;
			shellScript = "\"${PODS_ROOT}/Target Support Files/Pods-FeedApp-FeedAppUITests/Pods-FeedApp-FeedAppUITests-frameworks.sh\"\n";
			showEnvVarsInLog = 0;
		};
		9461D38A7A4DD1A208686F83 /* [CP] Check Pods Manifest.lock */ = {
			isa = PBXShellScriptBuildPhase;
			buildActionMask = 2147483647;
			files = (
			);
			inputFileListPaths = (
			);
			inputPaths = (
				"${PODS_PODFILE_DIR_PATH}/Podfile.lock",
				"${PODS_ROOT}/Manifest.lock",
			);
			name = "[CP] Check Pods Manifest.lock";
			outputFileListPaths = (
			);
			outputPaths = (
				"$(DERIVED_FILE_DIR)/Pods-FeedApp-FeedAppUITests-checkManifestLockResult.txt",
			);
			runOnlyForDeploymentPostprocessing = 0;
			shellPath = /bin/sh;
			shellScript = "diff \"${PODS_PODFILE_DIR_PATH}/Podfile.lock\" \"${PODS_ROOT}/Manifest.lock\" > /dev/null\nif [ $? != 0 ] ; then\n    # print error to STDERR\n    echo \"error: The sandbox is not in sync with the Podfile.lock. Run 'pod install' or update your CocoaPods installation.\" >&2\n    exit 1\nfi\n# This output is used by Xcode 'outputs' to avoid re-running this script phase.\necho \"SUCCESS\" > \"${SCRIPT_OUTPUT_FILE_0}\"\n";
			showEnvVarsInLog = 0;
		};
		B04D6ED7942115D6254BDFD8 /* [CP] Check Pods Manifest.lock */ = {
			isa = PBXShellScriptBuildPhase;
			buildActionMask = 2147483647;
			files = (
			);
			inputFileListPaths = (
			);
			inputPaths = (
				"${PODS_PODFILE_DIR_PATH}/Podfile.lock",
				"${PODS_ROOT}/Manifest.lock",
			);
			name = "[CP] Check Pods Manifest.lock";
			outputFileListPaths = (
			);
			outputPaths = (
				"$(DERIVED_FILE_DIR)/Pods-FeedAppTests-checkManifestLockResult.txt",
			);
			runOnlyForDeploymentPostprocessing = 0;
			shellPath = /bin/sh;
			shellScript = "diff \"${PODS_PODFILE_DIR_PATH}/Podfile.lock\" \"${PODS_ROOT}/Manifest.lock\" > /dev/null\nif [ $? != 0 ] ; then\n    # print error to STDERR\n    echo \"error: The sandbox is not in sync with the Podfile.lock. Run 'pod install' or update your CocoaPods installation.\" >&2\n    exit 1\nfi\n# This output is used by Xcode 'outputs' to avoid re-running this script phase.\necho \"SUCCESS\" > \"${SCRIPT_OUTPUT_FILE_0}\"\n";
			showEnvVarsInLog = 0;
		};
/* End PBXShellScriptBuildPhase section */

/* Begin PBXSourcesBuildPhase section */
		524B18F6264BBAB5005794D5 /* Sources */ = {
			isa = PBXSourcesBuildPhase;
			buildActionMask = 2147483647;
			files = (
				524B193E264BBEB8005794D5 /* FeedListCollectionViewController.swift in Sources */,
				524B1902264BBAB5005794D5 /* ViewController.swift in Sources */,
				524B18FE264BBAB5005794D5 /* AppDelegate.swift in Sources */,
				524B1900264BBAB5005794D5 /* SceneDelegate.swift in Sources */,
			);
			runOnlyForDeploymentPostprocessing = 0;
		};
		524B190C264BBAB7005794D5 /* Sources */ = {
			isa = PBXSourcesBuildPhase;
			buildActionMask = 2147483647;
			files = (
				524B1915264BBAB7005794D5 /* FeedAppTests.swift in Sources */,
			);
			runOnlyForDeploymentPostprocessing = 0;
		};
		524B1917264BBAB7005794D5 /* Sources */ = {
			isa = PBXSourcesBuildPhase;
			buildActionMask = 2147483647;
			files = (
				524B1920264BBAB7005794D5 /* FeedAppUITests.swift in Sources */,
			);
			runOnlyForDeploymentPostprocessing = 0;
		};
/* End PBXSourcesBuildPhase section */

/* Begin PBXTargetDependency section */
		524B1912264BBAB7005794D5 /* PBXTargetDependency */ = {
			isa = PBXTargetDependency;
			target = 524B18F9264BBAB5005794D5 /* FeedApp */;
			targetProxy = 524B1911264BBAB7005794D5 /* PBXContainerItemProxy */;
		};
		524B191D264BBAB7005794D5 /* PBXTargetDependency */ = {
			isa = PBXTargetDependency;
			target = 524B18F9264BBAB5005794D5 /* FeedApp */;
			targetProxy = 524B191C264BBAB7005794D5 /* PBXContainerItemProxy */;
		};
/* End PBXTargetDependency section */

/* Begin PBXVariantGroup section */
		524B1903264BBAB5005794D5 /* Main.storyboard */ = {
			isa = PBXVariantGroup;
			children = (
				524B1904264BBAB5005794D5 /* Base */,
			);
			name = Main.storyboard;
			sourceTree = "<group>";
		};
		524B1908264BBAB6005794D5 /* LaunchScreen.storyboard */ = {
			isa = PBXVariantGroup;
			children = (
				524B1909264BBAB6005794D5 /* Base */,
			);
			name = LaunchScreen.storyboard;
			sourceTree = "<group>";
		};
/* End PBXVariantGroup section */

/* Begin XCBuildConfiguration section */
		524B1922264BBAB7005794D5 /* Debug */ = {
			isa = XCBuildConfiguration;
			buildSettings = {
				ALWAYS_SEARCH_USER_PATHS = NO;
				CLANG_ANALYZER_NONNULL = YES;
				CLANG_ANALYZER_NUMBER_OBJECT_CONVERSION = YES_AGGRESSIVE;
				CLANG_CXX_LANGUAGE_STANDARD = "gnu++14";
				CLANG_CXX_LIBRARY = "libc++";
				CLANG_ENABLE_MODULES = YES;
				CLANG_ENABLE_OBJC_ARC = YES;
				CLANG_ENABLE_OBJC_WEAK = YES;
				CLANG_WARN_BLOCK_CAPTURE_AUTORELEASING = YES;
				CLANG_WARN_BOOL_CONVERSION = YES;
				CLANG_WARN_COMMA = YES;
				CLANG_WARN_CONSTANT_CONVERSION = YES;
				CLANG_WARN_DEPRECATED_OBJC_IMPLEMENTATIONS = YES;
				CLANG_WARN_DIRECT_OBJC_ISA_USAGE = YES_ERROR;
				CLANG_WARN_DOCUMENTATION_COMMENTS = YES;
				CLANG_WARN_EMPTY_BODY = YES;
				CLANG_WARN_ENUM_CONVERSION = YES;
				CLANG_WARN_INFINITE_RECURSION = YES;
				CLANG_WARN_INT_CONVERSION = YES;
				CLANG_WARN_NON_LITERAL_NULL_CONVERSION = YES;
				CLANG_WARN_OBJC_IMPLICIT_RETAIN_SELF = YES;
				CLANG_WARN_OBJC_LITERAL_CONVERSION = YES;
				CLANG_WARN_OBJC_ROOT_CLASS = YES_ERROR;
				CLANG_WARN_QUOTED_INCLUDE_IN_FRAMEWORK_HEADER = YES;
				CLANG_WARN_RANGE_LOOP_ANALYSIS = YES;
				CLANG_WARN_STRICT_PROTOTYPES = YES;
				CLANG_WARN_SUSPICIOUS_MOVE = YES;
				CLANG_WARN_UNGUARDED_AVAILABILITY = YES_AGGRESSIVE;
				CLANG_WARN_UNREACHABLE_CODE = YES;
				CLANG_WARN__DUPLICATE_METHOD_MATCH = YES;
				COPY_PHASE_STRIP = NO;
				DEBUG_INFORMATION_FORMAT = dwarf;
				ENABLE_STRICT_OBJC_MSGSEND = YES;
				ENABLE_TESTABILITY = YES;
				GCC_C_LANGUAGE_STANDARD = gnu11;
				GCC_DYNAMIC_NO_PIC = NO;
				GCC_NO_COMMON_BLOCKS = YES;
				GCC_OPTIMIZATION_LEVEL = 0;
				GCC_PREPROCESSOR_DEFINITIONS = (
					"DEBUG=1",
					"$(inherited)",
				);
				GCC_WARN_64_TO_32_BIT_CONVERSION = YES;
				GCC_WARN_ABOUT_RETURN_TYPE = YES_ERROR;
				GCC_WARN_UNDECLARED_SELECTOR = YES;
				GCC_WARN_UNINITIALIZED_AUTOS = YES_AGGRESSIVE;
				GCC_WARN_UNUSED_FUNCTION = YES;
				GCC_WARN_UNUSED_VARIABLE = YES;
				IPHONEOS_DEPLOYMENT_TARGET = 14.4;
				MTL_ENABLE_DEBUG_INFO = INCLUDE_SOURCE;
				MTL_FAST_MATH = YES;
				ONLY_ACTIVE_ARCH = YES;
				SDKROOT = iphoneos;
				SWIFT_ACTIVE_COMPILATION_CONDITIONS = DEBUG;
				SWIFT_OPTIMIZATION_LEVEL = "-Onone";
			};
			name = Debug;
		};
		524B1923264BBAB7005794D5 /* Release */ = {
			isa = XCBuildConfiguration;
			buildSettings = {
				ALWAYS_SEARCH_USER_PATHS = NO;
				CLANG_ANALYZER_NONNULL = YES;
				CLANG_ANALYZER_NUMBER_OBJECT_CONVERSION = YES_AGGRESSIVE;
				CLANG_CXX_LANGUAGE_STANDARD = "gnu++14";
				CLANG_CXX_LIBRARY = "libc++";
				CLANG_ENABLE_MODULES = YES;
				CLANG_ENABLE_OBJC_ARC = YES;
				CLANG_ENABLE_OBJC_WEAK = YES;
				CLANG_WARN_BLOCK_CAPTURE_AUTORELEASING = YES;
				CLANG_WARN_BOOL_CONVERSION = YES;
				CLANG_WARN_COMMA = YES;
				CLANG_WARN_CONSTANT_CONVERSION = YES;
				CLANG_WARN_DEPRECATED_OBJC_IMPLEMENTATIONS = YES;
				CLANG_WARN_DIRECT_OBJC_ISA_USAGE = YES_ERROR;
				CLANG_WARN_DOCUMENTATION_COMMENTS = YES;
				CLANG_WARN_EMPTY_BODY = YES;
				CLANG_WARN_ENUM_CONVERSION = YES;
				CLANG_WARN_INFINITE_RECURSION = YES;
				CLANG_WARN_INT_CONVERSION = YES;
				CLANG_WARN_NON_LITERAL_NULL_CONVERSION = YES;
				CLANG_WARN_OBJC_IMPLICIT_RETAIN_SELF = YES;
				CLANG_WARN_OBJC_LITERAL_CONVERSION = YES;
				CLANG_WARN_OBJC_ROOT_CLASS = YES_ERROR;
				CLANG_WARN_QUOTED_INCLUDE_IN_FRAMEWORK_HEADER = YES;
				CLANG_WARN_RANGE_LOOP_ANALYSIS = YES;
				CLANG_WARN_STRICT_PROTOTYPES = YES;
				CLANG_WARN_SUSPICIOUS_MOVE = YES;
				CLANG_WARN_UNGUARDED_AVAILABILITY = YES_AGGRESSIVE;
				CLANG_WARN_UNREACHABLE_CODE = YES;
				CLANG_WARN__DUPLICATE_METHOD_MATCH = YES;
				COPY_PHASE_STRIP = NO;
				DEBUG_INFORMATION_FORMAT = "dwarf-with-dsym";
				ENABLE_NS_ASSERTIONS = NO;
				ENABLE_STRICT_OBJC_MSGSEND = YES;
				GCC_C_LANGUAGE_STANDARD = gnu11;
				GCC_NO_COMMON_BLOCKS = YES;
				GCC_WARN_64_TO_32_BIT_CONVERSION = YES;
				GCC_WARN_ABOUT_RETURN_TYPE = YES_ERROR;
				GCC_WARN_UNDECLARED_SELECTOR = YES;
				GCC_WARN_UNINITIALIZED_AUTOS = YES_AGGRESSIVE;
				GCC_WARN_UNUSED_FUNCTION = YES;
				GCC_WARN_UNUSED_VARIABLE = YES;
				IPHONEOS_DEPLOYMENT_TARGET = 14.4;
				MTL_ENABLE_DEBUG_INFO = NO;
				MTL_FAST_MATH = YES;
				SDKROOT = iphoneos;
				SWIFT_COMPILATION_MODE = wholemodule;
				SWIFT_OPTIMIZATION_LEVEL = "-O";
				VALIDATE_PRODUCT = YES;
			};
			name = Release;
		};
		524B1925264BBAB7005794D5 /* Debug */ = {
			isa = XCBuildConfiguration;
			baseConfigurationReference = D254616561508ADDEDC08F8F /* Pods-FeedApp.debug.xcconfig */;
			buildSettings = {
				ASSETCATALOG_COMPILER_APPICON_NAME = AppIcon;
				ASSETCATALOG_COMPILER_GLOBAL_ACCENT_COLOR_NAME = AccentColor;
				CODE_SIGN_STYLE = Automatic;
				INFOPLIST_FILE = FeedApp/Info.plist;
				LD_RUNPATH_SEARCH_PATHS = (
					"$(inherited)",
					"@executable_path/Frameworks",
				);
				PRODUCT_BUNDLE_IDENTIFIER = com.sawsoemoenyunt.FeedApp;
				PRODUCT_NAME = "$(TARGET_NAME)";
				SWIFT_VERSION = 5.0;
				TARGETED_DEVICE_FAMILY = "1,2";
			};
			name = Debug;
		};
		524B1926264BBAB7005794D5 /* Release */ = {
			isa = XCBuildConfiguration;
			baseConfigurationReference = B3998259078FFDA38D4C717B /* Pods-FeedApp.release.xcconfig */;
			buildSettings = {
				ASSETCATALOG_COMPILER_APPICON_NAME = AppIcon;
				ASSETCATALOG_COMPILER_GLOBAL_ACCENT_COLOR_NAME = AccentColor;
				CODE_SIGN_STYLE = Automatic;
				INFOPLIST_FILE = FeedApp/Info.plist;
				LD_RUNPATH_SEARCH_PATHS = (
					"$(inherited)",
					"@executable_path/Frameworks",
				);
				PRODUCT_BUNDLE_IDENTIFIER = com.sawsoemoenyunt.FeedApp;
				PRODUCT_NAME = "$(TARGET_NAME)";
				SWIFT_VERSION = 5.0;
				TARGETED_DEVICE_FAMILY = "1,2";
			};
			name = Release;
		};
		524B1928264BBAB7005794D5 /* Debug */ = {
			isa = XCBuildConfiguration;
			baseConfigurationReference = 9F7411E60AB373275AF98F99 /* Pods-FeedAppTests.debug.xcconfig */;
			buildSettings = {
				ALWAYS_EMBED_SWIFT_STANDARD_LIBRARIES = YES;
				BUNDLE_LOADER = "$(TEST_HOST)";
				CODE_SIGN_STYLE = Automatic;
				INFOPLIST_FILE = FeedAppTests/Info.plist;
				IPHONEOS_DEPLOYMENT_TARGET = 14.4;
				LD_RUNPATH_SEARCH_PATHS = (
					"$(inherited)",
					"@executable_path/Frameworks",
					"@loader_path/Frameworks",
				);
				PRODUCT_BUNDLE_IDENTIFIER = com.sawsoemoenyunt.FeedAppTests;
				PRODUCT_NAME = "$(TARGET_NAME)";
				SWIFT_VERSION = 5.0;
				TARGETED_DEVICE_FAMILY = "1,2";
				TEST_HOST = "$(BUILT_PRODUCTS_DIR)/FeedApp.app/FeedApp";
			};
			name = Debug;
		};
		524B1929264BBAB7005794D5 /* Release */ = {
			isa = XCBuildConfiguration;
			baseConfigurationReference = 4A79A147AB9F74E51EB70989 /* Pods-FeedAppTests.release.xcconfig */;
			buildSettings = {
				ALWAYS_EMBED_SWIFT_STANDARD_LIBRARIES = YES;
				BUNDLE_LOADER = "$(TEST_HOST)";
				CODE_SIGN_STYLE = Automatic;
				INFOPLIST_FILE = FeedAppTests/Info.plist;
				IPHONEOS_DEPLOYMENT_TARGET = 14.4;
				LD_RUNPATH_SEARCH_PATHS = (
					"$(inherited)",
					"@executable_path/Frameworks",
					"@loader_path/Frameworks",
				);
				PRODUCT_BUNDLE_IDENTIFIER = com.sawsoemoenyunt.FeedAppTests;
				PRODUCT_NAME = "$(TARGET_NAME)";
				SWIFT_VERSION = 5.0;
				TARGETED_DEVICE_FAMILY = "1,2";
				TEST_HOST = "$(BUILT_PRODUCTS_DIR)/FeedApp.app/FeedApp";
			};
			name = Release;
		};
		524B192B264BBAB7005794D5 /* Debug */ = {
			isa = XCBuildConfiguration;
			baseConfigurationReference = 47D382ED84FD06144447D88C /* Pods-FeedApp-FeedAppUITests.debug.xcconfig */;
			buildSettings = {
				ALWAYS_EMBED_SWIFT_STANDARD_LIBRARIES = YES;
				CODE_SIGN_STYLE = Automatic;
				INFOPLIST_FILE = FeedAppUITests/Info.plist;
				LD_RUNPATH_SEARCH_PATHS = (
					"$(inherited)",
					"@executable_path/Frameworks",
					"@loader_path/Frameworks",
				);
				PRODUCT_BUNDLE_IDENTIFIER = com.sawsoemoenyunt.FeedAppUITests;
				PRODUCT_NAME = "$(TARGET_NAME)";
				SWIFT_VERSION = 5.0;
				TARGETED_DEVICE_FAMILY = "1,2";
				TEST_TARGET_NAME = FeedApp;
			};
			name = Debug;
		};
		524B192C264BBAB7005794D5 /* Release */ = {
			isa = XCBuildConfiguration;
			baseConfigurationReference = 8289642D5E42A22C48A08555 /* Pods-FeedApp-FeedAppUITests.release.xcconfig */;
			buildSettings = {
				ALWAYS_EMBED_SWIFT_STANDARD_LIBRARIES = YES;
				CODE_SIGN_STYLE = Automatic;
				INFOPLIST_FILE = FeedAppUITests/Info.plist;
				LD_RUNPATH_SEARCH_PATHS = (
					"$(inherited)",
					"@executable_path/Frameworks",
					"@loader_path/Frameworks",
				);
				PRODUCT_BUNDLE_IDENTIFIER = com.sawsoemoenyunt.FeedAppUITests;
				PRODUCT_NAME = "$(TARGET_NAME)";
				SWIFT_VERSION = 5.0;
				TARGETED_DEVICE_FAMILY = "1,2";
				TEST_TARGET_NAME = FeedApp;
			};
			name = Release;
		};
/* End XCBuildConfiguration section */

/* Begin XCConfigurationList section */
		524B18F5264BBAB5005794D5 /* Build configuration list for PBXProject "FeedApp" */ = {
			isa = XCConfigurationList;
			buildConfigurations = (
				524B1922264BBAB7005794D5 /* Debug */,
				524B1923264BBAB7005794D5 /* Release */,
			);
			defaultConfigurationIsVisible = 0;
			defaultConfigurationName = Release;
		};
		524B1924264BBAB7005794D5 /* Build configuration list for PBXNativeTarget "FeedApp" */ = {
			isa = XCConfigurationList;
			buildConfigurations = (
				524B1925264BBAB7005794D5 /* Debug */,
				524B1926264BBAB7005794D5 /* Release */,
			);
			defaultConfigurationIsVisible = 0;
			defaultConfigurationName = Release;
		};
		524B1927264BBAB7005794D5 /* Build configuration list for PBXNativeTarget "FeedAppTests" */ = {
			isa = XCConfigurationList;
			buildConfigurations = (
				524B1928264BBAB7005794D5 /* Debug */,
				524B1929264BBAB7005794D5 /* Release */,
			);
			defaultConfigurationIsVisible = 0;
			defaultConfigurationName = Release;
		};
		524B192A264BBAB7005794D5 /* Build configuration list for PBXNativeTarget "FeedAppUITests" */ = {
			isa = XCConfigurationList;
			buildConfigurations = (
				524B192B264BBAB7005794D5 /* Debug */,
				524B192C264BBAB7005794D5 /* Release */,
			);
			defaultConfigurationIsVisible = 0;
			defaultConfigurationName = Release;
		};
/* End XCConfigurationList section */
	};
	rootObject = 524B18F2264BBAB5005794D5 /* Project object */;
}
